
Microsoft Visual Studio Solution File, Format Version 12.00
# Visual Studio Version 17
VisualStudioVersion = 17.4.33213.308
MinimumVisualStudioVersion = 10.0.40219.1
Project("{FAE04EC0-301F-11D3-BF4B-00C04F79EFBC}") = "Ex1005", "Ex1005.csproj", "{EFE7CA0F-E482-4200-833A-023B1A9BAB90}"
EndProject
Global
	GlobalSection(SolutionConfigurationPlatforms) = preSolution
		Debug|Any CPU = Debug|Any CPU
		Release|Any CPU = Release|Any CPU
	EndGlobalSection
	GlobalSection(ProjectConfigurationPlatforms) = postSolution
		{EFE7CA0F-E482-4200-833A-023B1A9BAB90}.Debug|Any CPU.ActiveCfg = Debug|Any CPU
		{EFE7CA0F-E482-4200-833A-023B1A9BAB90}.Debug|Any CPU.Build.0 = Debug|Any CPU
		{EFE7CA0F-E482-4200-833A-023B1A9BAB90}.Release|Any CPU.ActiveCfg = Release|Any CPU
		{EFE7CA0F-E482-4200-833A-023B1A9BAB90}.Release|Any CPU.Build.0 = Release|Any CPU
	EndGlobalSection
	GlobalSection(SolutionProperties) = preSolution
		HideSolutionNode = FALSE
	EndGlobalSection
	GlobalSection(ExtensibilityGlobals) = postSolution
		SolutionGuid = {1AFD31E1-E3F4-445A-8A21-60603FF795C0}
	EndGlobalSection
EndGlobal
