
Microsoft Visual Studio Solution File, Format Version 12.00
# Visual Studio Version 17
VisualStudioVersion = 17.4.33213.308
MinimumVisualStudioVersion = 10.0.40219.1
Project("{FAE04EC0-301F-11D3-BF4B-00C04F79EFBC}") = "ExResolvido02", "ExResolvido02.csproj", "{7600B4BC-FDD3-4EF7-BF4A-5F6501BF6236}"
EndProject
Global
	GlobalSection(SolutionConfigurationPlatforms) = preSolution
		Debug|Any CPU = Debug|Any CPU
		Release|Any CPU = Release|Any CPU
	EndGlobalSection
	GlobalSection(ProjectConfigurationPlatforms) = postSolution
		{7600B4BC-FDD3-4EF7-BF4A-5F6501BF6236}.Debug|Any CPU.ActiveCfg = Debug|Any CPU
		{7600B4BC-FDD3-4EF7-BF4A-5F6501BF6236}.Debug|Any CPU.Build.0 = Debug|Any CPU
		{7600B4BC-FDD3-4EF7-BF4A-5F6501BF6236}.Release|Any CPU.ActiveCfg = Release|Any CPU
		{7600B4BC-FDD3-4EF7-BF4A-5F6501BF6236}.Release|Any CPU.Build.0 = Release|Any CPU
	EndGlobalSection
	GlobalSection(SolutionProperties) = preSolution
		HideSolutionNode = FALSE
	EndGlobalSection
	GlobalSection(ExtensibilityGlobals) = postSolution
		SolutionGuid = {6AE10BA8-67FD-465A-9ED0-F76752C76A7E}
	EndGlobalSection
EndGlobal
